
Microsoft Visual Studio Solution File, Format Version 12.00
# Visual Studio Version 16
VisualStudioVersion = 16.0.30907.101
MinimumVisualStudioVersion = 10.0.40219.1
Project("{FAE04EC0-301F-11D3-BF4B-00C04F79EFBC}") = "AccentColorTest", "AccentColorTest\AccentColorTest.csproj", "{93CDD504-2A01-45AA-A037-A58525CFEC65}"
EndProject
Global
	GlobalSection(SolutionConfigurationPlatforms) = preSolution
		Debug|Any CPU = Debug|Any CPU
		Release|Any CPU = Release|Any CPU
	EndGlobalSection
	GlobalSection(ProjectConfigurationPlatforms) = postSolution
		{93CDD504-2A01-45AA-A037-A58525CFEC65}.Debug|Any CPU.ActiveCfg = Debug|Any CPU
		{93CDD504-2A01-45AA-A037-A58525CFEC65}.Debug|Any CPU.Build.0 = Debug|Any CPU
		{93CDD504-2A01-45AA-A037-A58525CFEC65}.Release|Any CPU.ActiveCfg = Release|Any CPU
		{93CDD504-2A01-45AA-A037-A58525CFEC65}.Release|Any CPU.Build.0 = Release|Any CPU
	EndGlobalSection
	GlobalSection(SolutionProperties) = preSolution
		HideSolutionNode = FALSE
	EndGlobalSection
	GlobalSection(ExtensibilityGlobals) = postSolution
		SolutionGuid = {4E36BADB-8227-4F23-A650-FCB6476B74CE}
	EndGlobalSection
EndGlobal
